
Microsoft Visual Studio Solution File, Format Version 12.00
# Visual Studio Version 17
VisualStudioVersion = 17.8.34322.80
MinimumVisualStudioVersion = 10.0.40219.1
Project("{FAE04EC0-301F-11D3-BF4B-00C04F79EFBC}") = "TaskManager", "TaskManager\TaskManager.csproj", "{C6DA8225-0F75-4956-938E-795419B234DD}"
EndProject
Global
	GlobalSection(SolutionConfigurationPlatforms) = preSolution
		Debug|Any CPU = Debug|Any CPU
		Release|Any CPU = Release|Any CPU
	EndGlobalSection
	GlobalSection(ProjectConfigurationPlatforms) = postSolution
		{C6DA8225-0F75-4956-938E-795419B234DD}.Debug|Any CPU.ActiveCfg = Debug|Any CPU
		{C6DA8225-0F75-4956-938E-795419B234DD}.Debug|Any CPU.Build.0 = Debug|Any CPU
		{C6DA8225-0F75-4956-938E-795419B234DD}.Release|Any CPU.ActiveCfg = Release|Any CPU
		{C6DA8225-0F75-4956-938E-795419B234DD}.Release|Any CPU.Build.0 = Release|Any CPU
	EndGlobalSection
	GlobalSection(SolutionProperties) = preSolution
		HideSolutionNode = FALSE
	EndGlobalSection
	GlobalSection(ExtensibilityGlobals) = postSolution
		SolutionGuid = {268A8A81-2473-49F1-80E4-767FCCA91F0C}
	EndGlobalSection
EndGlobal
